{
  "version": 4,
  "terraform_version": "1.11.3",
  "serial": 16,
  "lineage": "0f13b667-b971-1a21-314b-725e18eb5187",
  "outputs": {
    "service_account_email": {
      "value": "multiagenthealthcare-service@quantum-transit-462609-d0.iam.gserviceaccount.com",
      "type": "string"
    }
  },
  "resources": [
    {
      "mode": "managed",
      "type": "google_project_iam_member",
      "name": "multiagent_ai",
      "provider": "provider[\"registry.terraform.io/hashicorp/google\"]",
      "instances": [
        {
          "schema_version": 0,
          "attributes": {
            "condition": [],
            "etag": "BwY3S/9nPQo=",
            "id": "quantum-transit-462609-d0/roles/aiplatform.user/serviceAccount:multiagenthealthcare-service@quantum-transit-462609-d0.iam.gserviceaccount.com",
            "member": "serviceAccount:multiagenthealthcare-service@quantum-transit-462609-d0.iam.gserviceaccount.com",
            "project": "quantum-transit-462609-d0",
            "role": "roles/aiplatform.user"
          },
          "sensitive_attributes": [],
          "private": "bnVsbA==",
          "dependencies": [
            "google_service_account.multiagent_sa"
          ]
        }
      ]
    },
    {
      "mode": "managed",
      "type": "google_project_iam_member",
      "name": "multiagent_firestore",
      "provider": "provider[\"registry.terraform.io/hashicorp/google\"]",
      "instances": [
        {
          "schema_version": 0,
          "attributes": {
            "condition": [],
            "etag": "BwY3S/9nPQo=",
            "id": "quantum-transit-462609-d0/roles/datastore.user/serviceAccount:multiagenthealthcare-service@quantum-transit-462609-d0.iam.gserviceaccount.com",
            "member": "serviceAccount:multiagenthealthcare-service@quantum-transit-462609-d0.iam.gserviceaccount.com",
            "project": "quantum-transit-462609-d0",
            "role": "roles/datastore.user"
          },
          "sensitive_attributes": [],
          "private": "bnVsbA==",
          "dependencies": [
            "google_service_account.multiagent_sa"
          ]
        }
      ]
    },
    {
      "mode": "managed",
      "type": "google_project_iam_member",
      "name": "multiagent_storage",
      "provider": "provider[\"registry.terraform.io/hashicorp/google\"]",
      "instances": [
        {
          "schema_version": 0,
          "attributes": {
            "condition": [],
            "etag": "BwY3S/9nPQo=",
            "id": "quantum-transit-462609-d0/roles/storage.admin/serviceAccount:multiagenthealthcare-service@quantum-transit-462609-d0.iam.gserviceaccount.com",
            "member": "serviceAccount:multiagenthealthcare-service@quantum-transit-462609-d0.iam.gserviceaccount.com",
            "project": "quantum-transit-462609-d0",
            "role": "roles/storage.admin"
          },
          "sensitive_attributes": [],
          "private": "bnVsbA==",
          "dependencies": [
            "google_service_account.multiagent_sa"
          ]
        }
      ]
    },
    {
      "mode": "managed",
      "type": "google_service_account",
      "name": "multiagent_sa",
      "provider": "provider[\"registry.terraform.io/hashicorp/google\"]",
      "instances": [
        {
          "schema_version": 0,
          "attributes": {
            "account_id": "multiagenthealthcare-service",
            "create_ignore_already_exists": null,
            "description": "",
            "disabled": false,
            "display_name": "MultiAgentHealthcare Service Account",
            "email": "multiagenthealthcare-service@quantum-transit-462609-d0.iam.gserviceaccount.com",
            "id": "projects/quantum-transit-462609-d0/serviceAccounts/multiagenthealthcare-service@quantum-transit-462609-d0.iam.gserviceaccount.com",
            "member": "serviceAccount:multiagenthealthcare-service@quantum-transit-462609-d0.iam.gserviceaccount.com",
            "name": "projects/quantum-transit-462609-d0/serviceAccounts/multiagenthealthcare-service@quantum-transit-462609-d0.iam.gserviceaccount.com",
            "project": "quantum-transit-462609-d0",
            "timeouts": null,
            "unique_id": "110704624812688458717"
          },
          "sensitive_attributes": [],
          "private": "eyJlMmJmYjczMC1lY2FhLTExZTYtOGY4OC0zNDM2M2JjN2M0YzAiOnsiY3JlYXRlIjozMDAwMDAwMDAwMDB9fQ=="
        }
      ]
    },
    {
      "mode": "managed",
      "type": "google_service_account_key",
      "name": "multiagent_key",
      "provider": "provider[\"registry.terraform.io/hashicorp/google\"]",
      "instances": [
        {
          "schema_version": 0,
          "attributes": {
            "id": "projects/quantum-transit-462609-d0/serviceAccounts/multiagenthealthcare-service@quantum-transit-462609-d0.iam.gserviceaccount.com/keys/44e47cbc5ef8e8e880fa2489a9f5454cc2e1e6e6",
            "keepers": {
              "last_rotation": "2025-06-11T14:04:04Z"
            },
            "key_algorithm": "KEY_ALG_RSA_2048",
            "name": "projects/quantum-transit-462609-d0/serviceAccounts/multiagenthealthcare-service@quantum-transit-462609-d0.iam.gserviceaccount.com/keys/44e47cbc5ef8e8e880fa2489a9f5454cc2e1e6e6",
            "private_key": "ewogICJ0eXBlIjogInNlcnZpY2VfYWNjb3VudCIsCiAgInByb2plY3RfaWQiOiAicXVhbnR1bS10cmFuc2l0LTQ2MjYwOS1kMCIsCiAgInByaXZhdGVfa2V5X2lkIjogIjQ0ZTQ3Y2JjNWVmOGU4ZTg4MGZhMjQ4OWE5ZjU0NTRjYzJlMWU2ZTYiLAogICJwcml2YXRlX2tleSI6ICItLS0tLUJFR0lOIFBSSVZBVEUgS0VZLS0tLS1cbk1JSUV2Z0lCQURBTkJna3Foa2lHOXcwQkFRRUZBQVNDQktnd2dnU2tBZ0VBQW9JQkFRQ1VzTDlXbG5qMFU3dVVcbnlnMWZlM0o1Q05nNjQwRVp0aXZtV0phMFRRejUwUVhEZ0szSnJqU0V1Sjg1ZUxxZTVKdUhRTFZkMkhwL24vTXlcbmZ6QVM5YVdaN3I2S1BScnpTYllIZ3BROHEwMENlY2FnbHFCdlNXOXV3MENoRmRBejVvWGs4dXQvQ1BWNDcxSXBcbjRjaFpCanlpNE9CZ0J2TGpOTWRCbG5SRGNMTWhWcHJYWU5lTkU1amZ3SkhtT0NCaXNTcUpXVWNSSmpOVjU2YzFcblBMODJHeFE5NjF4QjJ6Nllqa21RNXVqWGxQd21WM2xvTGxLOTlpbDBLa2xNU3dxdXZIZjgyS29zWnhwVjhpU25cbjI2VVhGN0lhdnA3cXhTSTVGZzdCaVlmUFZZS21vbjhRbWFRYnRReFAxVHIzNGtsdFJmS0RHbVI1TU1BOWFGd3BcblVaWGdCb3I5QWdNQkFBRUNnZ0VBQlY0Ty9pTnU2TlQzOWNKSWNzeXNRSEhCQ25rbkliUTVoL1psTkV0K3Z5cmNcbk5DYzZQc2hHMVk2cmtzSElyTkV3U3hUYkp6RFlGVERUTU55MkFjMHp4ZWVBSWRIY1hmRm9mSU5xY2ZrMkRiT1Rcbko3dGdQYnd2SlZhdmg5RVhnN1FiMjd5b0l4MFI3V1JvT1NKUkh1T1NmMGV5V2MwT2FnUys5NTlrZ1lXNU5hZ1NcblZpdDljOTJBZXFpcmNHa3lHNjduUktLMVVWSFBCZkE4V1h2OHZOQ3dBVVJ3Q1E1M0FscFBBeHpZLzlqbWE0V25cbjhFN1hZcXVhczN4WVd3NFM1aTBwYXZKdElpVnJVSy9Yd1EvejVTZjlXdHIyUjFhQ1BweVUzaU8yYXRSelpBN0RcbnpUb3BGTmZCQ1hzL2RvUDNTdXVEakQ2UHhQdCtZV3J5OFMzTWJ0SkpzUUtCZ1FESVFMVFNxSjc1dDVEd1JZa1dcbmIza1RmY2NkMnNIMlNON3F3Smw3eG52V3JaR09BNHljMnR1MkV3Q2ZYbSt1YUJaUXorQ2pJU0JjcFBBWUhiRU1cbmNGdTV4OXNVbkxIaSt0Z1JKWmhWZ0JGQVZ0MFJCK1BPTDluWVRkV0JwUTNGVE9ZdFUrSS81WVJ5TUVja3Z6VXFcbllnZUpmU2Z1YzFrUTFOd2J5WmNZVHV1QThRS0JnUUMrRldEdlBTT3JjdFhqQ0U3a01wTktRSFlxbmI4U1R0Tk5cbml1dDRYMThYUXhncmhaZFF2T0R1blNrZlJ1U0NzWnpZTXJlYWdwOUdrR2Ztdm1UNWlWV2ROOHM2K3lEcTF0bmNcbkFjUmlVMkQyTFpHZ1Ara1ZYbkZ0ZXZqQ1NRYkRIS0k2aHR2RlluNHp5TXNLNlhKTlpjaDlxZC8wbVFqMmlpT0VcbnVPd2V3dFRxelFLQmdEQlVkWSsyQkpCT1Bsdk8zSFFldVVEOEJUZHVXWXVnTUxURmdRVi9kTm51RUFnUFVUdDJcbkVyclJ3VCsxWWd6Y3NDNFd6YWR4VWtjcHc0eCtkZ0dEaUkvQTdWMy9KMnVaa05ZcWxhWmsvMFRnOGYrdlFNcTlcbmY3MFZvK2JqTi95YlA1NUc5WDdvWE52V1RRVlFaSHR6SjFDR2RVRzJjeE45M0JXVXhMT29NR3h4QW9HQkFKRGJcbmlmdklCQjdzYk1PUDJVOWVtNURDZjBzSzNFbi9lRmhudmZzRjgxbXU4QVI2MGszZEl5MjA1MW5HbE81a25Mckdcbks5VzhKZFdJeHlXNWd3b0g5dzdSTGpmTW1kRmQycmtuUDVvUElKMTdMTGVLL1A0ajh4MFQwZTk5NTRGWm1PZ3hcblRkcW1yTGFhRnVKQjliRzJGNHhzb1JldWFINDUxOGVWaFp3THJtY2hBb0dCQUt4TnV6dXptdGVUV2dSb2RydkpcbjJGRFhrbVNnS3gvT2ZOYlpuUkxOOUdFVEkzaWNvQlRLL1BxZDBJY041Y0hCMG5wcXlsV3lISDF6akUvRVN2U1lcbjBuTEpuYk0wcDU1OHNhS1V5Tnc3b01DM2hITk1WcUU5b1duNXp6cTFic0krS3VzSUVyYk00S0VTekNXc2FRNjBcbkl6OHVJNHpDQ2ZSaVJYa2VXcmV4ekVSZlxuLS0tLS1FTkQgUFJJVkFURSBLRVktLS0tLVxuIiwKICAiY2xpZW50X2VtYWlsIjogIm11bHRpYWdlbnRoZWFsdGhjYXJlLXNlcnZpY2VAcXVhbnR1bS10cmFuc2l0LTQ2MjYwOS1kMC5pYW0uZ3NlcnZpY2VhY2NvdW50LmNvbSIsCiAgImNsaWVudF9pZCI6ICIxMTA3MDQ2MjQ4MTI2ODg0NTg3MTciLAogICJhdXRoX3VyaSI6ICJodHRwczovL2FjY291bnRzLmdvb2dsZS5jb20vby9vYXV0aDIvYXV0aCIsCiAgInRva2VuX3VyaSI6ICJodHRwczovL29hdXRoMi5nb29nbGVhcGlzLmNvbS90b2tlbiIsCiAgImF1dGhfcHJvdmlkZXJfeDUwOV9jZXJ0X3VybCI6ICJodHRwczovL3d3dy5nb29nbGVhcGlzLmNvbS9vYXV0aDIvdjEvY2VydHMiLAogICJjbGllbnRfeDUwOV9jZXJ0X3VybCI6ICJodHRwczovL3d3dy5nb29nbGVhcGlzLmNvbS9yb2JvdC92MS9tZXRhZGF0YS94NTA5L211bHRpYWdlbnRoZWFsdGhjYXJlLXNlcnZpY2UlNDBxdWFudHVtLXRyYW5zaXQtNDYyNjA5LWQwLmlhbS5nc2VydmljZWFjY291bnQuY29tIiwKICAidW5pdmVyc2VfZG9tYWluIjogImdvb2dsZWFwaXMuY29tIgp9Cg==",
            "private_key_type": "TYPE_GOOGLE_CREDENTIALS_FILE",
            "public_key": "LS0tLS1CRUdJTiBDRVJUSUZJQ0FURS0tLS0tCk1JSUMvVENDQWVXZ0F3SUJBZ0lKQVBGQnpCY3BKWTNWTUEwR0NTcUdTSWIzRFFFQkJRVUFNQ0F4SGpBY0JnTlYKQkFNTUZURXhNRGN3TkRZeU5EZ3hNalk0T0RRMU9EY3hOekFnRncweU5UQTJNVEV4TkRBME1EVmFHQTg1T1RrNQpNVEl6TVRJek5UazFPVm93SURFZU1Cd0dBMVVFQXd3Vk1URXdOekEwTmpJME9ERXlOamc0TkRVNE56RTNNSUlCCklqQU5CZ2txaGtpRzl3MEJBUUVGQUFPQ0FROEFNSUlCQ2dLQ0FRRUFsTEMvVnBaNDlGTzdsTW9OWDN0eWVRalkKT3VOQkdiWXI1bGlXdEUwTStkRUZ3NEN0eWE0MGhMaWZPWGk2bnVTYmgwQzFYZGg2ZjUvek1uOHdFdldsbWU2KwppajBhODBtMkI0S1VQS3ROQW5uR29KYWdiMGx2YnNOQW9SWFFNK2FGNVBMcmZ3ajFlTzlTS2VISVdRWThvdURnCllBYnk0elRIUVpaMFEzQ3pJVmFhMTJEWGpST1kzOENSNWpnZ1lyRXFpVmxIRVNZelZlZW5OVHkvTmhzVVBldGMKUWRzK21JNUprT2JvMTVUOEpsZDVhQzVTdmZZcGRDcEpURXNLcnJ4My9OaXFMR2NhVmZJa3A5dWxGeGV5R3I2ZQo2c1VpT1JZT3dZbUh6MVdDcHFKL0VKbWtHN1VNVDlVNjkrSkpiVVh5Z3hwa2VUREFQV2hjS1ZHVjRBYUsvUUlECkFRQUJvemd3TmpBTUJnTlZIUk1CQWY4RUFqQUFNQTRHQTFVZER3RUIvd1FFQXdJSGdEQVdCZ05WSFNVQkFmOEUKRERBS0JnZ3JCZ0VGQlFjREFqQU5CZ2txaGtpRzl3MEJBUVVGQUFPQ0FRRUFBSlU5SER0R21hMzRXdDlpclZ0VgpGZkltY1lUem1wMndGeDJ3dlNpcTkwRWdmSDZFK0pkbHkrSHlMbi9FWDJ1SmhFT3hxTnkwL2FCblM0d3dTT09NCm5ERnd4S2VzRGV5KzFsZmZLZ2VmQzVGSERRNE45dUNrR0o4aTVjVDhNU283dE0waEVpZm80aDU5bjFxa3hhaG8KWHBocmEvRkp4T2lQdkMzcDBFR041cmtpUjlCNWtYTE1SYkNHbGtVQVl4TloyUUwvUkR1WVVSTnVIM3d4elFtVQpkdmh6WFk4NnVLSks0cXJoWDJMWUhXTG9sS3dYaDl0NmFwNnZFL25HNEdCSmhiTzl4ampxa1NLQjRYRDhtZEpHClhhL2x1dlF1L1pzeW4yMnAyRHE4cW9qTnRDUWNUVlNQanRZUWx5L0ErbHltb2lsVkZUQ1ZSbyt2MU1nVHYyWFcKUEE9PQotLS0tLUVORCBDRVJUSUZJQ0FURS0tLS0tCg==",
            "public_key_data": null,
            "public_key_type": "TYPE_X509_PEM_FILE",
            "service_account_id": "projects/quantum-transit-462609-d0/serviceAccounts/multiagenthealthcare-service@quantum-transit-462609-d0.iam.gserviceaccount.com",
            "valid_after": "2025-06-11T14:04:05Z",
            "valid_before": "9999-12-31T23:59:59Z"
          },
          "sensitive_attributes": [
            [
              {
                "type": "get_attr",
                "value": "private_key"
              }
            ]
          ],
          "private": "bnVsbA==",
          "dependencies": [
            "google_service_account.multiagent_sa"
          ]
        }
      ]
    },
    {
      "module": "module.enabled_apis",
      "mode": "data",
      "type": "google_compute_default_service_account",
      "name": "default",
      "provider": "provider[\"registry.terraform.io/hashicorp/google\"]",
      "instances": []
    },
    {
      "module": "module.enabled_apis",
      "mode": "managed",
      "type": "google_project_iam_member",
      "name": "project_service_identity_roles",
      "provider": "provider[\"registry.terraform.io/hashicorp/google\"]",
      "instances": []
    },
    {
      "module": "module.enabled_apis",
      "mode": "managed",
      "type": "google_project_service",
      "name": "project_services",
      "provider": "provider[\"registry.terraform.io/hashicorp/google\"]",
      "instances": [
        {
          "index_key": "aiplatform.googleapis.com",
          "schema_version": 0,
          "attributes": {
            "disable_dependent_services": true,
            "disable_on_destroy": true,
            "id": "quantum-transit-462609-d0/aiplatform.googleapis.com",
            "project": "quantum-transit-462609-d0",
            "service": "aiplatform.googleapis.com",
            "timeouts": null
          },
          "sensitive_attributes": [],
          "private": "eyJlMmJmYjczMC1lY2FhLTExZTYtOGY4OC0zNDM2M2JjN2M0YzAiOnsiY3JlYXRlIjoxMjAwMDAwMDAwMDAwLCJkZWxldGUiOjEyMDAwMDAwMDAwMDAsInJlYWQiOjYwMDAwMDAwMDAwMCwidXBkYXRlIjoxMjAwMDAwMDAwMDAwfX0="
        },
        {
          "index_key": "cloudfunctions.googleapis.com",
          "schema_version": 0,
          "attributes": {
            "disable_dependent_services": true,
            "disable_on_destroy": true,
            "id": "quantum-transit-462609-d0/cloudfunctions.googleapis.com",
            "project": "quantum-transit-462609-d0",
            "service": "cloudfunctions.googleapis.com",
            "timeouts": null
          },
          "sensitive_attributes": [],
          "private": "eyJlMmJmYjczMC1lY2FhLTExZTYtOGY4OC0zNDM2M2JjN2M0YzAiOnsiY3JlYXRlIjoxMjAwMDAwMDAwMDAwLCJkZWxldGUiOjEyMDAwMDAwMDAwMDAsInJlYWQiOjYwMDAwMDAwMDAwMCwidXBkYXRlIjoxMjAwMDAwMDAwMDAwfX0="
        },
        {
          "index_key": "firestore.googleapis.com",
          "schema_version": 0,
          "attributes": {
            "disable_dependent_services": true,
            "disable_on_destroy": true,
            "id": "quantum-transit-462609-d0/firestore.googleapis.com",
            "project": "quantum-transit-462609-d0",
            "service": "firestore.googleapis.com",
            "timeouts": null
          },
          "sensitive_attributes": [],
          "private": "eyJlMmJmYjczMC1lY2FhLTExZTYtOGY4OC0zNDM2M2JjN2M0YzAiOnsiY3JlYXRlIjoxMjAwMDAwMDAwMDAwLCJkZWxldGUiOjEyMDAwMDAwMDAwMDAsInJlYWQiOjYwMDAwMDAwMDAwMCwidXBkYXRlIjoxMjAwMDAwMDAwMDAwfX0="
        }
      ]
    },
    {
      "module": "module.enabled_apis",
      "mode": "managed",
      "type": "google_project_service_identity",
      "name": "project_service_identities",
      "provider": "provider[\"registry.terraform.io/hashicorp/google-beta\"]",
      "instances": []
    }
  ],
  "check_results": null
}
