{
  "version": 4,
  "terraform_version": "1.11.3",
  "serial": 21,
  "lineage": "0f13b667-b971-1a21-314b-725e18eb5187",
  "outputs": {
    "service_account_email": {
      "value": "multiagenthealthcare-service@quantum-transit-462609-d0.iam.gserviceaccount.com",
      "type": "string"
    }
  },
  "resources": [
    {
      "mode": "managed",
      "type": "google_project_iam_member",
      "name": "multiagent_ai",
      "provider": "provider[\"registry.terraform.io/hashicorp/google\"]",
      "instances": [
        {
          "schema_version": 0,
          "attributes": {
            "condition": [],
            "etag": "BwY3S/9nPQo=",
            "id": "quantum-transit-462609-d0/roles/aiplatform.user/serviceAccount:multiagenthealthcare-service@quantum-transit-462609-d0.iam.gserviceaccount.com",
            "member": "serviceAccount:multiagenthealthcare-service@quantum-transit-462609-d0.iam.gserviceaccount.com",
            "project": "quantum-transit-462609-d0",
            "role": "roles/aiplatform.user"
          },
          "sensitive_attributes": [],
          "private": "bnVsbA==",
          "dependencies": [
            "google_service_account.multiagent_sa"
          ]
        }
      ]
    },
    {
      "mode": "managed",
      "type": "google_project_iam_member",
      "name": "multiagent_firestore",
      "provider": "provider[\"registry.terraform.io/hashicorp/google\"]",
      "instances": [
        {
          "schema_version": 0,
          "attributes": {
            "condition": [],
            "etag": "BwY3S/9nPQo=",
            "id": "quantum-transit-462609-d0/roles/datastore.user/serviceAccount:multiagenthealthcare-service@quantum-transit-462609-d0.iam.gserviceaccount.com",
            "member": "serviceAccount:multiagenthealthcare-service@quantum-transit-462609-d0.iam.gserviceaccount.com",
            "project": "quantum-transit-462609-d0",
            "role": "roles/datastore.user"
          },
          "sensitive_attributes": [],
          "private": "bnVsbA==",
          "dependencies": [
            "google_service_account.multiagent_sa"
          ]
        }
      ]
    },
    {
      "mode": "managed",
      "type": "google_project_iam_member",
      "name": "multiagent_storage",
      "provider": "provider[\"registry.terraform.io/hashicorp/google\"]",
      "instances": [
        {
          "schema_version": 0,
          "attributes": {
            "condition": [],
            "etag": "BwY3S/9nPQo=",
            "id": "quantum-transit-462609-d0/roles/storage.admin/serviceAccount:multiagenthealthcare-service@quantum-transit-462609-d0.iam.gserviceaccount.com",
            "member": "serviceAccount:multiagenthealthcare-service@quantum-transit-462609-d0.iam.gserviceaccount.com",
            "project": "quantum-transit-462609-d0",
            "role": "roles/storage.admin"
          },
          "sensitive_attributes": [],
          "private": "bnVsbA==",
          "dependencies": [
            "google_service_account.multiagent_sa"
          ]
        }
      ]
    },
    {
      "mode": "managed",
      "type": "google_service_account",
      "name": "multiagent_sa",
      "provider": "provider[\"registry.terraform.io/hashicorp/google\"]",
      "instances": [
        {
          "schema_version": 0,
          "attributes": {
            "account_id": "multiagenthealthcare-service",
            "create_ignore_already_exists": null,
            "description": "",
            "disabled": false,
            "display_name": "MultiAgentHealthcare Service Account",
            "email": "multiagenthealthcare-service@quantum-transit-462609-d0.iam.gserviceaccount.com",
            "id": "projects/quantum-transit-462609-d0/serviceAccounts/multiagenthealthcare-service@quantum-transit-462609-d0.iam.gserviceaccount.com",
            "member": "serviceAccount:multiagenthealthcare-service@quantum-transit-462609-d0.iam.gserviceaccount.com",
            "name": "projects/quantum-transit-462609-d0/serviceAccounts/multiagenthealthcare-service@quantum-transit-462609-d0.iam.gserviceaccount.com",
            "project": "quantum-transit-462609-d0",
            "timeouts": null,
            "unique_id": "110704624812688458717"
          },
          "sensitive_attributes": [],
          "private": "eyJlMmJmYjczMC1lY2FhLTExZTYtOGY4OC0zNDM2M2JjN2M0YzAiOnsiY3JlYXRlIjozMDAwMDAwMDAwMDB9fQ=="
        }
      ]
    },
    {
      "mode": "managed",
      "type": "google_service_account_key",
      "name": "multiagent_key",
      "provider": "provider[\"registry.terraform.io/hashicorp/google\"]",
      "instances": [
        {
          "schema_version": 0,
          "attributes": {
            "id": "projects/quantum-transit-462609-d0/serviceAccounts/multiagenthealthcare-service@quantum-transit-462609-d0.iam.gserviceaccount.com/keys/0fcc405dd462aa49577aa94c7e8f18aa7962ef1e",
            "keepers": {
              "last_rotation": "2025-06-11T14:34:40Z"
            },
            "key_algorithm": "KEY_ALG_RSA_2048",
            "name": "projects/quantum-transit-462609-d0/serviceAccounts/multiagenthealthcare-service@quantum-transit-462609-d0.iam.gserviceaccount.com/keys/0fcc405dd462aa49577aa94c7e8f18aa7962ef1e",
            "private_key": "ewogICJ0eXBlIjogInNlcnZpY2VfYWNjb3VudCIsCiAgInByb2plY3RfaWQiOiAicXVhbnR1bS10cmFuc2l0LTQ2MjYwOS1kMCIsCiAgInByaXZhdGVfa2V5X2lkIjogIjBmY2M0MDVkZDQ2MmFhNDk1NzdhYTk0YzdlOGYxOGFhNzk2MmVmMWUiLAogICJwcml2YXRlX2tleSI6ICItLS0tLUJFR0lOIFBSSVZBVEUgS0VZLS0tLS1cbk1JSUV2UUlCQURBTkJna3Foa2lHOXcwQkFRRUZBQVNDQktjd2dnU2pBZ0VBQW9JQkFRREpCazBrOHZQZkgydWlcblhWeGtpZEVKUDBoTXJTWjZsdllub3RJY1BmRGl5WVV3MGRKZzREV2JNTTJUWmpMNmpkczFGTmoybHFWU21VRENcbmdYRlFGaGtBMnM4OGFueEw0ZjUxL2Z6Q25JV1FBZjZ5bDArOWZrVFdOS0tnK1IzMWJTRy9oYjYzd0lnWWhpVGZcbmtoQUpQTXYxdEkzMzA0UDB4ZGlYdmNaLzJnMW5sbURZRVpDbEZDMkRUK0MwRWpVejZkQ3l6RGpPb2hoS0MzZXdcbnBxcXNtQWZaM1NuT0dtN215N0NNYVFVdEx6c1FoQmZrQzJvYUtBR3JrcUdrQ1NTa0VXdW0rZzVWR3hVdG05OUtcbkVpNjVmK3hqSG5DeS9xQTdKcGFLV2dEdXJuNDVoQjBvNjdZZ3FmdFFHL3V4YmkxK0NzY3FrRWZaeEZlVVFkY29cbk1DQ0NIMzVQQWdNQkFBRUNnZ0VBRDJMRUZNZmprbmc5TExnb2tpbGFMbk1CZlp6akRRN3cyQ2ZHSFJOQWxKc0hcbjdxeWdoWG1qb0xVamh0eVRta214TldiYkZFU0Rjc2I0QmVzU1dTYlgweERzTzV1SzErUDhMZHU2dE1wMkRvZVlcbmp1SzEzN01DWWNLMWo4eUJWbjk3emNUV3pBbVlZUWdqV2xrN2tQbHVRdWdHMWFrQ3VJRk1DcEVqMkRWQVFXVkdcblREYndMbFhFMnNLQlFMUjhWelF1ZUlhSWhrV3dWY09SRU5pWjNvVUlHRFRFamtrVlcweGpxbGRHTUxqUnBhbEdcbmNUZVc3eVJSb2pDWlYwWkVMeTV3OUlEcDBXbFZpazZIWVBJRFFkdjBLWVYvUjJ3bFpMQlNkcmt6R3cxdjh0Wmdcbk5WUXJyV1VkWDFDMTY4V1J4emkxZlhMUTJKM3lOK05RNWFDYmJQcUJnUUtCZ1FEd0VGOXVHc2I0NlNUWWdDS0NcbmVlbTRPTVAxWFJSR1lrSnFIMWU3UWxUb1RzampSZzMvNExFMkdTbUY1dzZFaHlBZTRlekZHQmxKa01QMm5yRThcbm9iWmtKRzR6aHhiQTZIWTJDYW1CbTRRYk5uZkQ2M1g2QkVFY05kVm9vVk1aUmV6bSthU0U5SVErNTBDNk90VWxcblZsd24zZUQyRTNrRmh4NGRRT29JdXlubVdRS0JnUURXWG45SVBnNHFYaTZBZkZIVzRGcHllQ1RLVit3MDhjc25cbmVTSks2dTVFMXNZTVpkOVY1UEZMSnlmSi9la1FjRlhobTcwT0FSTXJ1bFlLa1doNFJGMTQzWUFaa0RRbkxBaVdcbkZyRWpVeG9odkxHb2NnYVE4TWxaVHAxb1VKaDhOZEhadUtaRjZsOHFBN0tSUXBEOXRBSVUrMnM0c1locmVkOFhcbncwUm43UWxFNXdLQmdGZ0d1T2RudkRRRFVYWnRyYm5JT0ZKTHhsY1BOV01GbnJMSklXTlIxRTZHclJUaFdEck9cblNreTY5MFhaVHJKNzFlUmRGWFBEL1duRFFvZ0k4cFozK2FoSXozdm5lZ2xzZEFRbWtOZ3NqVWxwTkl0THFLdnZcbnFXeE50UjR6b1lQdjV3bGUydHZCeVVoRGhiR0Q1eXBVdTJBRzlQbG1kSWI1WDZwOFpoU2poSjZwQW9HQUlvV1JcblJkY0lmUFl4MHVzeVdzSkNqcENlakI5Z29KNFhzMEdrcmgvclF4YTdTaC9WdVlWbS9rMU44UTk4eXZMc1Fhck1cbjVVWnpDZVcyR1htVk0xai9ISW0vS1Y2NXAxMUYvTFdtelNPQzM4LzlaRDBJcGFyQklpcXcycTJ3QU1EQ0RLZlpcbnp3U1JVcmpKdHU3YlhwL3dmZVNIUGRnSk9oV2tRYlZtZkw0RmNoMENnWUVBbGp6U05LODdNTENDQ2dsRDNPdFVcbnFvZHZ3ZWNHUGwxN2ZweXFTVzFzaW9FSXMxaC9mdGZyd3QyZVhsbTVFKzFXQlBOck5Ud05jOEJtbXI0TDhvZlZcbkM4R0RIanhsTzRidGQ0bTFHaVQ1KzZNMzlhMGtoYmxsak80WHFjK0R0YnBYcGRWVFRleWZVRnNaOThINmc1cVVcbkVNTGFpT3NuellLd294ZjJ0Q1R4ZWhjPVxuLS0tLS1FTkQgUFJJVkFURSBLRVktLS0tLVxuIiwKICAiY2xpZW50X2VtYWlsIjogIm11bHRpYWdlbnRoZWFsdGhjYXJlLXNlcnZpY2VAcXVhbnR1bS10cmFuc2l0LTQ2MjYwOS1kMC5pYW0uZ3NlcnZpY2VhY2NvdW50LmNvbSIsCiAgImNsaWVudF9pZCI6ICIxMTA3MDQ2MjQ4MTI2ODg0NTg3MTciLAogICJhdXRoX3VyaSI6ICJodHRwczovL2FjY291bnRzLmdvb2dsZS5jb20vby9vYXV0aDIvYXV0aCIsCiAgInRva2VuX3VyaSI6ICJodHRwczovL29hdXRoMi5nb29nbGVhcGlzLmNvbS90b2tlbiIsCiAgImF1dGhfcHJvdmlkZXJfeDUwOV9jZXJ0X3VybCI6ICJodHRwczovL3d3dy5nb29nbGVhcGlzLmNvbS9vYXV0aDIvdjEvY2VydHMiLAogICJjbGllbnRfeDUwOV9jZXJ0X3VybCI6ICJodHRwczovL3d3dy5nb29nbGVhcGlzLmNvbS9yb2JvdC92MS9tZXRhZGF0YS94NTA5L211bHRpYWdlbnRoZWFsdGhjYXJlLXNlcnZpY2UlNDBxdWFudHVtLXRyYW5zaXQtNDYyNjA5LWQwLmlhbS5nc2VydmljZWFjY291bnQuY29tIiwKICAidW5pdmVyc2VfZG9tYWluIjogImdvb2dsZWFwaXMuY29tIgp9Cg==",
            "private_key_type": "TYPE_GOOGLE_CREDENTIALS_FILE",
            "public_key": "LS0tLS1CRUdJTiBDRVJUSUZJQ0FURS0tLS0tCk1JSUMvRENDQWVTZ0F3SUJBZ0lJSUc4NndDMTlCNUV3RFFZSktvWklodmNOQVFFRkJRQXdJREVlTUJ3R0ExVUUKQXd3Vk1URXdOekEwTmpJME9ERXlOamc0TkRVNE56RTNNQ0FYRFRJMU1EWXhNVEUwTXpRME1Wb1lEems1T1RreApNak14TWpNMU9UVTVXakFnTVI0d0hBWURWUVFEREJVeE1UQTNNRFEyTWpRNE1USTJPRGcwTlRnM01UY3dnZ0VpCk1BMEdDU3FHU0liM0RRRUJBUVVBQTRJQkR3QXdnZ0VLQW9JQkFRREpCazBrOHZQZkgydWlYVnhraWRFSlAwaE0KclNaNmx2WW5vdEljUGZEaXlZVXcwZEpnNERXYk1NMlRaakw2amRzMUZOajJscVZTbVVEQ2dYRlFGaGtBMnM4OAphbnhMNGY1MS9mekNuSVdRQWY2eWwwKzlma1RXTktLZytSMzFiU0cvaGI2M3dJZ1loaVRma2hBSlBNdjF0STMzCjA0UDB4ZGlYdmNaLzJnMW5sbURZRVpDbEZDMkRUK0MwRWpVejZkQ3l6RGpPb2hoS0MzZXdwcXFzbUFmWjNTbk8KR203bXk3Q01hUVV0THpzUWhCZmtDMm9hS0FHcmtxR2tDU1NrRVd1bStnNVZHeFV0bTk5S0VpNjVmK3hqSG5DeQovcUE3SnBhS1dnRHVybjQ1aEIwbzY3WWdxZnRRRy91eGJpMStDc2Nxa0VmWnhGZVVRZGNvTUNDQ0gzNVBBZ01CCkFBR2pPREEyTUF3R0ExVWRFd0VCL3dRQ01BQXdEZ1lEVlIwUEFRSC9CQVFEQWdlQU1CWUdBMVVkSlFFQi93UU0KTUFvR0NDc0dBUVVGQndNQ01BMEdDU3FHU0liM0RRRUJCUVVBQTRJQkFRQUEvL3NBd3JqTUgrSjczdlFSbnZzMwpyWUV3a0ZUTXdhV0xJTEdoSmJMWTFxVWlZcEVaZFAxOCtEK3NDQjU5MXRnM0N4SkprTU1GM2ZDSUkvTmEwRE0yCmM5ZWVKVkxwK1gxZ3NBdEVuS0xKZTRERlhoN0gxeE50TklIYU1GMkFoNGwwY0xkRHdWMGFMY1c0YVFUSVVyK1AKMFcvTjJaaHo0R01ZNFNUMi9ONk1mV1p2dCtQYmNUclgwL1dyLzVHaHZKaTZQalpIdTkyQ1p6NUZNRUoxOWhTcwp4Z0Q2cm45cVVnRXJ0WjYxY3MrQk9LMUFnSDBBQkJHUU91SzFqREoyWnlOK1EzNlc3cmE4SDZDUC9iVndHd29CCjBTbEJPcm0wQ29CNHFKcDRvei95TTJuZXNkRWtzV2JPNElmYWJwVzREVkJRWDRVZUNPMGpMdENMOUljOGQwekcKLS0tLS1FTkQgQ0VSVElGSUNBVEUtLS0tLQo=",
            "public_key_data": null,
            "public_key_type": "TYPE_X509_PEM_FILE",
            "service_account_id": "projects/quantum-transit-462609-d0/serviceAccounts/multiagenthealthcare-service@quantum-transit-462609-d0.iam.gserviceaccount.com",
            "valid_after": "2025-06-11T14:34:41Z",
            "valid_before": "9999-12-31T23:59:59Z"
          },
          "sensitive_attributes": [
            [
              {
                "type": "get_attr",
                "value": "private_key"
              }
            ]
          ],
          "private": "bnVsbA==",
          "dependencies": [
            "google_service_account.multiagent_sa"
          ]
        }
      ]
    },
    {
      "module": "module.enabled_apis",
      "mode": "managed",
      "type": "google_project_service",
      "name": "project_services",
      "provider": "provider[\"registry.terraform.io/hashicorp/google\"]",
      "instances": [
        {
          "index_key": "aiplatform.googleapis.com",
          "schema_version": 0,
          "attributes": {
            "disable_dependent_services": true,
            "disable_on_destroy": true,
            "id": "quantum-transit-462609-d0/aiplatform.googleapis.com",
            "project": "quantum-transit-462609-d0",
            "service": "aiplatform.googleapis.com",
            "timeouts": null
          },
          "sensitive_attributes": [],
          "private": "eyJlMmJmYjczMC1lY2FhLTExZTYtOGY4OC0zNDM2M2JjN2M0YzAiOnsiY3JlYXRlIjoxMjAwMDAwMDAwMDAwLCJkZWxldGUiOjEyMDAwMDAwMDAwMDAsInJlYWQiOjYwMDAwMDAwMDAwMCwidXBkYXRlIjoxMjAwMDAwMDAwMDAwfX0="
        },
        {
          "index_key": "cloudfunctions.googleapis.com",
          "schema_version": 0,
          "attributes": {
            "disable_dependent_services": true,
            "disable_on_destroy": true,
            "id": "quantum-transit-462609-d0/cloudfunctions.googleapis.com",
            "project": "quantum-transit-462609-d0",
            "service": "cloudfunctions.googleapis.com",
            "timeouts": null
          },
          "sensitive_attributes": [],
          "private": "eyJlMmJmYjczMC1lY2FhLTExZTYtOGY4OC0zNDM2M2JjN2M0YzAiOnsiY3JlYXRlIjoxMjAwMDAwMDAwMDAwLCJkZWxldGUiOjEyMDAwMDAwMDAwMDAsInJlYWQiOjYwMDAwMDAwMDAwMCwidXBkYXRlIjoxMjAwMDAwMDAwMDAwfX0="
        },
        {
          "index_key": "firestore.googleapis.com",
          "schema_version": 0,
          "attributes": {
            "disable_dependent_services": true,
            "disable_on_destroy": true,
            "id": "quantum-transit-462609-d0/firestore.googleapis.com",
            "project": "quantum-transit-462609-d0",
            "service": "firestore.googleapis.com",
            "timeouts": null
          },
          "sensitive_attributes": [],
          "private": "eyJlMmJmYjczMC1lY2FhLTExZTYtOGY4OC0zNDM2M2JjN2M0YzAiOnsiY3JlYXRlIjoxMjAwMDAwMDAwMDAwLCJkZWxldGUiOjEyMDAwMDAwMDAwMDAsInJlYWQiOjYwMDAwMDAwMDAwMCwidXBkYXRlIjoxMjAwMDAwMDAwMDAwfX0="
        },
        {
          "index_key": "logging.googleapis.com",
          "schema_version": 0,
          "attributes": {
            "disable_dependent_services": true,
            "disable_on_destroy": true,
            "id": "quantum-transit-462609-d0/logging.googleapis.com",
            "project": "quantum-transit-462609-d0",
            "service": "logging.googleapis.com",
            "timeouts": null
          },
          "sensitive_attributes": [],
          "private": "eyJlMmJmYjczMC1lY2FhLTExZTYtOGY4OC0zNDM2M2JjN2M0YzAiOnsiY3JlYXRlIjoxMjAwMDAwMDAwMDAwLCJkZWxldGUiOjEyMDAwMDAwMDAwMDAsInJlYWQiOjYwMDAwMDAwMDAwMCwidXBkYXRlIjoxMjAwMDAwMDAwMDAwfX0="
        }
      ]
    }
  ],
  "check_results": null
}
