{
  "version": 4,
  "terraform_version": "1.11.3",
  "serial": 10,
  "lineage": "c0b42a2c-995d-f036-90f1-49e9d3d7026d",
  "outputs": {
    "aiplatform_iam_role": {
      "value": "roles/aiplatform.user",
      "type": "string"
    },
    "firestore_iam_role": {
      "value": "roles/datastore.user",
      "type": "string"
    },
    "project_id": {
      "value": "quantum-transit-462609-d0",
      "type": "string"
    },
    "service_account_email": {
      "value": "multiagenthealthcare-prod@quantum-transit-462609-d0.iam.gserviceaccount.com",
      "type": "string"
    },
    "service_account_key_id": {
      "value": "projects/quantum-transit-462609-d0/serviceAccounts/multiagenthealthcare-prod@quantum-transit-462609-d0.iam.gserviceaccount.com/keys/c0576bd529caf8d652ee48769fe223d2657761ee",
      "type": "string"
    },
    "storage_iam_role": {
      "value": "roles/storage.admin",
      "type": "string"
    }
  },
  "resources": [
    {
      "mode": "managed",
      "type": "google_project_iam_member",
      "name": "multiagent_ai",
      "provider": "provider[\"registry.terraform.io/hashicorp/google\"]",
      "instances": [
        {
          "schema_version": 0,
          "attributes": {
            "condition": [],
            "etag": "BwY3UEQsn0E=",
            "id": "quantum-transit-462609-d0/roles/aiplatform.user/serviceAccount:multiagenthealthcare-prod@quantum-transit-462609-d0.iam.gserviceaccount.com",
            "member": "serviceAccount:multiagenthealthcare-prod@quantum-transit-462609-d0.iam.gserviceaccount.com",
            "project": "quantum-transit-462609-d0",
            "role": "roles/aiplatform.user"
          },
          "sensitive_attributes": [],
          "private": "bnVsbA==",
          "dependencies": [
            "google_service_account.multiagent_sa"
          ]
        }
      ]
    },
    {
      "mode": "managed",
      "type": "google_project_iam_member",
      "name": "multiagent_firestore",
      "provider": "provider[\"registry.terraform.io/hashicorp/google\"]",
      "instances": [
        {
          "schema_version": 0,
          "attributes": {
            "condition": [],
            "etag": "BwY3UEQsn0E=",
            "id": "quantum-transit-462609-d0/roles/datastore.user/serviceAccount:multiagenthealthcare-prod@quantum-transit-462609-d0.iam.gserviceaccount.com",
            "member": "serviceAccount:multiagenthealthcare-prod@quantum-transit-462609-d0.iam.gserviceaccount.com",
            "project": "quantum-transit-462609-d0",
            "role": "roles/datastore.user"
          },
          "sensitive_attributes": [],
          "private": "bnVsbA==",
          "dependencies": [
            "google_service_account.multiagent_sa"
          ]
        }
      ]
    },
    {
      "mode": "managed",
      "type": "google_project_iam_member",
      "name": "multiagent_storage",
      "provider": "provider[\"registry.terraform.io/hashicorp/google\"]",
      "instances": [
        {
          "schema_version": 0,
          "attributes": {
            "condition": [],
            "etag": "BwY3UEQsn0E=",
            "id": "quantum-transit-462609-d0/roles/storage.admin/serviceAccount:multiagenthealthcare-prod@quantum-transit-462609-d0.iam.gserviceaccount.com",
            "member": "serviceAccount:multiagenthealthcare-prod@quantum-transit-462609-d0.iam.gserviceaccount.com",
            "project": "quantum-transit-462609-d0",
            "role": "roles/storage.admin"
          },
          "sensitive_attributes": [],
          "private": "bnVsbA==",
          "dependencies": [
            "google_service_account.multiagent_sa"
          ]
        }
      ]
    },
    {
      "mode": "managed",
      "type": "google_service_account",
      "name": "multiagent_sa",
      "provider": "provider[\"registry.terraform.io/hashicorp/google\"]",
      "instances": [
        {
          "schema_version": 0,
          "attributes": {
            "account_id": "multiagenthealthcare-prod",
            "create_ignore_already_exists": null,
            "description": "",
            "disabled": false,
            "display_name": "MultiAgentHealthcare Service Account (PROD)",
            "email": "multiagenthealthcare-prod@quantum-transit-462609-d0.iam.gserviceaccount.com",
            "id": "projects/quantum-transit-462609-d0/serviceAccounts/multiagenthealthcare-prod@quantum-transit-462609-d0.iam.gserviceaccount.com",
            "member": "serviceAccount:multiagenthealthcare-prod@quantum-transit-462609-d0.iam.gserviceaccount.com",
            "name": "projects/quantum-transit-462609-d0/serviceAccounts/multiagenthealthcare-prod@quantum-transit-462609-d0.iam.gserviceaccount.com",
            "project": "quantum-transit-462609-d0",
            "timeouts": null,
            "unique_id": "111027069835095872969"
          },
          "sensitive_attributes": [],
          "private": "eyJlMmJmYjczMC1lY2FhLTExZTYtOGY4OC0zNDM2M2JjN2M0YzAiOnsiY3JlYXRlIjozMDAwMDAwMDAwMDB9fQ=="
        }
      ]
    },
    {
      "mode": "managed",
      "type": "google_service_account_key",
      "name": "multiagent_key",
      "provider": "provider[\"registry.terraform.io/hashicorp/google\"]",
      "instances": [
        {
          "schema_version": 0,
          "attributes": {
            "id": "projects/quantum-transit-462609-d0/serviceAccounts/multiagenthealthcare-prod@quantum-transit-462609-d0.iam.gserviceaccount.com/keys/c0576bd529caf8d652ee48769fe223d2657761ee",
            "keepers": {
              "last_rotation": "2025-06-11T21:42:33Z"
            },
            "key_algorithm": "KEY_ALG_RSA_2048",
            "name": "projects/quantum-transit-462609-d0/serviceAccounts/multiagenthealthcare-prod@quantum-transit-462609-d0.iam.gserviceaccount.com/keys/c0576bd529caf8d652ee48769fe223d2657761ee",
            "private_key": "ewogICJ0eXBlIjogInNlcnZpY2VfYWNjb3VudCIsCiAgInByb2plY3RfaWQiOiAicXVhbnR1bS10cmFuc2l0LTQ2MjYwOS1kMCIsCiAgInByaXZhdGVfa2V5X2lkIjogImMwNTc2YmQ1MjljYWY4ZDY1MmVlNDg3NjlmZTIyM2QyNjU3NzYxZWUiLAogICJwcml2YXRlX2tleSI6ICItLS0tLUJFR0lOIFBSSVZBVEUgS0VZLS0tLS1cbk1JSUV2UUlCQURBTkJna3Foa2lHOXcwQkFRRUZBQVNDQktjd2dnU2pBZ0VBQW9JQkFRRHFhVTc2bVJCbWI0cm1cbmhjeVJZeXJ1L0VUeFkvYjNOYW5pUEZ3VWJ4L0FQYW1pRHpyZXVpTlE4ZzAxbW12QmtqLzF1VDdjZzdUSksrcHhcbnJSSjdqeFNJNitpZzgvWm0yNWEvVTVPUENwTExjL1AwZnFXRG1DYk40RnNmNlpwb2JoNjFUQnlWbkN2UnczSTRcblk1ZGVnN0NqejFhRUY4UkE1eExwNSs1MTg5cUdCWGc3NzhaWlNFbGF1d1JSMzBMc3NaalFBK1NXQ2swRDZ1UzJcbkRZS0tJcm5qR2dJNkxEbFBuK3lQMy9mSDI4VDcwckpPZ0MwVGl3KzBRbTI5T1RoUThZT0JEOVhJSWNqL1kyZ0tcbkkzVmhCOU5LcEc1QlFWSnBZUkxKWVJ3RzRIcHlmak1HVC9PcXFFSWgyMXgyeHlkQVJtTHU2Q3lxOERHem9jSE9cblBkRzRCUXB0QWdNQkFBRUNnZ0VBTnJLcEM3L0F2RzVsdG9IZEtNVy9wSEY0TXUyVkdMMU1iVzZSTy9Gc01zTVFcbnZMQ2FGNVBPbnRwRWE5QWpPZEdESERjRUxKZU5EVzR5Y0NFbkVXN2pKMG9KQjltMWt1M0ZnTktqT1hzSm92RGxcbktaV04wS1dsMUY5NFUvdUNITUVwYUR1ZzVlWkJzVnBPWWtzVzdLYUZCc3hnVDBWdWRZaVYrTCsyZkk2UTNMbWlcbm1JbTM5M0l6Z3NwNTlHMXd1L085Qk02SVl2c2V5UjdTMjlJVENwWHdGS2g1U2JDQitrVXlwb0FyMnEvMjErYWtcbjY3ZnhrdjBQcmFtelhoLzlmNU1EUjNQdFBGU0JNNjUzZjZ6S0s2QnFEYy9SNlJFL3dVdnJWTWMzYWt0MHR6MWlcbjgyWjhvUkNwQVp0VHFKRkk3Nzc2Rzc0SER4Sy9vMFlZb2d2V3JxZ2cwUUtCZ1FEL0JycmRVOXFDT3dlM2x4bkhcblh4dU5LSWk5aThFMXJEbTZ2cmJUL1N0WHgwbTFURUtucVZZbDVzMTJXSk4wTldaYjJlSU1xT2Y5Szh6RTVJUFNcbjRvNWVnek9rTVRIMFhobnlxQ0s0ZkFkTXdCblNhNENEREFNNXRoaDc1NXB6MDA2UGhpSkxkUVR2TjF4UzFmZUFcbnRUdHZYb1M0T0NrR2tVSFlyRkVQSUNqMjZRS0JnUURyVG0zUGFnMHlIb0R3NU83MlUrWlZDTVpCR3IvWnJRWUhcblpTbjgyOWkrN244NFdERHdLUWJHU2ZER3htMUN2WndUVWpYZEVsME50MnNBL3NETmVIMWxTSGZJV3kvYVlyTmxcblpMNVMxcFEwY1h2QnBRbFN4RExzZ2VjQVowYUMyeTV1SU1iYytVOUpaekJMcFNHTlZQSzdFZ2ZzTUlYOG8wM1RcbkRMMlZFNXRNNVFLQmdRRFN0VGpIalhUSWpRVS9SdlRocVU4V1BodGNvSSt1VFBJVnZXVkptYStxQXRwL2xOYXRcbnVGZVpVUzBKVHYzbDBna1VjdDAySUlnc3dYZWFaa1FVaFdPajZ6dEx1ZW5RUWIrbW9neXQ2S3dQV2RqNzVoNTBcbktBU3lOaVhjbWVzZkw4T0ZDZ3BqMWZlUnZtZmxlU3ZaaCtQbmpHeVQyTExzM2k5TlduSk8wUCtIb1FLQmdDSWJcbkJRbUtLbzE0SkdKR0hHaXhzbkhpeXJHSENnV244WGJDNy9vSmQzbjlJWTF1SXZHOFVKSVBCNG9ZR3FBUTBYMXZcbmJnVXo4eTdZeGZhbjloUVNBY0xiWlJreU5sWmw5ZkNkVUlTN08xSDZuT0J0WmxPTHdvSExOa3Mxck4rc215YzFcbk12MjJXUXFmblQxcG10cGNWSzVPcDcxUkx5cDJGUUtoRngxemNSQU5Bb0dBS20xMUJsOENaTXBJRXEzTW9qeFRcbkd4R2ZkSzl4L293S0Jwcy9BS0NQQ0swYWRueVRLNHJhNnVNTWVwSTNGVnFEMW9QU3FOTm5UNTZhdmp1QlBBODZcbjBlVnY1Z2k4NmxPU2xyUXEvUW93dXh0dGh6ODUyOWpJeUZQelNzelI2MXkvdE9na01JV1VxOWlHU3EwTWUzSGxcbnVFRXBJcWtwMStmNnQ5R2VTTmZKUmFrPVxuLS0tLS1FTkQgUFJJVkFURSBLRVktLS0tLVxuIiwKICAiY2xpZW50X2VtYWlsIjogIm11bHRpYWdlbnRoZWFsdGhjYXJlLXByb2RAcXVhbnR1bS10cmFuc2l0LTQ2MjYwOS1kMC5pYW0uZ3NlcnZpY2VhY2NvdW50LmNvbSIsCiAgImNsaWVudF9pZCI6ICIxMTEwMjcwNjk4MzUwOTU4NzI5NjkiLAogICJhdXRoX3VyaSI6ICJodHRwczovL2FjY291bnRzLmdvb2dsZS5jb20vby9vYXV0aDIvYXV0aCIsCiAgInRva2VuX3VyaSI6ICJodHRwczovL29hdXRoMi5nb29nbGVhcGlzLmNvbS90b2tlbiIsCiAgImF1dGhfcHJvdmlkZXJfeDUwOV9jZXJ0X3VybCI6ICJodHRwczovL3d3dy5nb29nbGVhcGlzLmNvbS9vYXV0aDIvdjEvY2VydHMiLAogICJjbGllbnRfeDUwOV9jZXJ0X3VybCI6ICJodHRwczovL3d3dy5nb29nbGVhcGlzLmNvbS9yb2JvdC92MS9tZXRhZGF0YS94NTA5L211bHRpYWdlbnRoZWFsdGhjYXJlLXByb2QlNDBxdWFudHVtLXRyYW5zaXQtNDYyNjA5LWQwLmlhbS5nc2VydmljZWFjY291bnQuY29tIiwKICAidW5pdmVyc2VfZG9tYWluIjogImdvb2dsZWFwaXMuY29tIgp9Cg==",
            "private_key_type": "TYPE_GOOGLE_CREDENTIALS_FILE",
            "public_key": "LS0tLS1CRUdJTiBDRVJUSUZJQ0FURS0tLS0tCk1JSUMvVENDQWVXZ0F3SUJBZ0lKQU5UTnZmbFQvYUw1TUEwR0NTcUdTSWIzRFFFQkJRVUFNQ0F4SGpBY0JnTlYKQkFNTUZURXhNVEF5TnpBMk9UZ3pOVEE1TlRnM01qazJPVEFnRncweU5UQTJNVEV5TVRReU16TmFHQTg1T1RrNQpNVEl6TVRJek5UazFPVm93SURFZU1Cd0dBMVVFQXd3Vk1URXhNREkzTURZNU9ETTFNRGsxT0RjeU9UWTVNSUlCCklqQU5CZ2txaGtpRzl3MEJBUUVGQUFPQ0FROEFNSUlCQ2dLQ0FRRUE2bWxPK3BrUVptK0s1b1hNa1dNcTd2eEUKOFdQMjl6V3A0anhjRkc4ZndEMnBvZzg2M3JvalVQSU5OWnByd1pJLzliayszSU8weVN2cWNhMFNlNDhVaU92bwpvUFAyWnR1V3YxT1Rqd3FTeTNQejlINmxnNWdtemVCYkgrbWFhRzRldFV3Y2xad3IwY055T0dPWFhvT3dvODlXCmhCZkVRT2NTNmVmdWRmUGFoZ1Y0TysvR1dVaEpXcnNFVWQ5QzdMR1kwQVBrbGdwTkErcmt0ZzJDaWlLNTR4b0MKT2l3NVQ1L3NqOS8zeDl2RSs5S3lUb0F0RTRzUHRFSnR2VGs0VVBHRGdRL1Z5Q0hJLzJOb0NpTjFZUWZUU3FSdQpRVUZTYVdFU3lXRWNCdUI2Y240ekJrL3pxcWhDSWR0Y2RzY25RRVppN3Vnc3F2QXhzNkhCemozUnVBVUtiUUlECkFRQUJvemd3TmpBTUJnTlZIUk1CQWY4RUFqQUFNQTRHQTFVZER3RUIvd1FFQXdJSGdEQVdCZ05WSFNVQkFmOEUKRERBS0JnZ3JCZ0VGQlFjREFqQU5CZ2txaGtpRzl3MEJBUVVGQUFPQ0FRRUFCL3doSjhVOUFqZE00TXYxWkQ4egpMWWFaRC8vVmNTRE94OVl0ellWZUtxYzRqZk5NdXI5NmVueWJWdFVYTld4NFhjUjdFOUp2YzhkOWorTUN4NEdVCm5xcnpibUxSMzUzbi9vTGUwNzhCY3dmWjJFcGRYdjNvc0JzUDk5QXJHNnBnalcrQnpjUFhrNlZjR21SSjJPUVEKb2t0R1NWbHVhRnJTdkZkbFNGRndnZTdGS2lLd2ZUVko1REdjWVh6M25aQnM4eGFxNnRLRm0vVEJTL3p0Zlg2awpKWEd5SHpDdlF0NHJ3WVpMNGJmRGFlbFZXWjJKNkxSODYwRjRJdHBvZ2gyMXpXSEVaNE1sOXNpR3Vja1Z5T0lQCjdXZUFiSVh6VkE4ZmhNTVBJWm1qaFBMbnlHd2NEektzSmtFMEhJM09oTnN2UGVnYmRxcFJ6c3F0REZOcHFxUUcKeFE9PQotLS0tLUVORCBDRVJUSUZJQ0FURS0tLS0tCg==",
            "public_key_data": null,
            "public_key_type": "TYPE_X509_PEM_FILE",
            "service_account_id": "projects/quantum-transit-462609-d0/serviceAccounts/multiagenthealthcare-prod@quantum-transit-462609-d0.iam.gserviceaccount.com",
            "valid_after": "2025-06-11T21:42:33Z",
            "valid_before": "9999-12-31T23:59:59Z"
          },
          "sensitive_attributes": [
            [
              {
                "type": "get_attr",
                "value": "private_key"
              }
            ]
          ],
          "private": "bnVsbA==",
          "dependencies": [
            "google_service_account.multiagent_sa"
          ]
        }
      ]
    },
    {
      "module": "module.enabled_apis",
      "mode": "managed",
      "type": "google_project_service",
      "name": "project_services",
      "provider": "provider[\"registry.terraform.io/hashicorp/google\"]",
      "instances": [
        {
          "index_key": "aiplatform.googleapis.com",
          "schema_version": 0,
          "attributes": {
            "disable_dependent_services": true,
            "disable_on_destroy": true,
            "id": "quantum-transit-462609-d0/aiplatform.googleapis.com",
            "project": "quantum-transit-462609-d0",
            "service": "aiplatform.googleapis.com",
            "timeouts": null
          },
          "sensitive_attributes": [],
          "private": "eyJlMmJmYjczMC1lY2FhLTExZTYtOGY4OC0zNDM2M2JjN2M0YzAiOnsiY3JlYXRlIjoxMjAwMDAwMDAwMDAwLCJkZWxldGUiOjEyMDAwMDAwMDAwMDAsInJlYWQiOjYwMDAwMDAwMDAwMCwidXBkYXRlIjoxMjAwMDAwMDAwMDAwfX0="
        },
        {
          "index_key": "cloudfunctions.googleapis.com",
          "schema_version": 0,
          "attributes": {
            "disable_dependent_services": true,
            "disable_on_destroy": true,
            "id": "quantum-transit-462609-d0/cloudfunctions.googleapis.com",
            "project": "quantum-transit-462609-d0",
            "service": "cloudfunctions.googleapis.com",
            "timeouts": null
          },
          "sensitive_attributes": [],
          "private": "eyJlMmJmYjczMC1lY2FhLTExZTYtOGY4OC0zNDM2M2JjN2M0YzAiOnsiY3JlYXRlIjoxMjAwMDAwMDAwMDAwLCJkZWxldGUiOjEyMDAwMDAwMDAwMDAsInJlYWQiOjYwMDAwMDAwMDAwMCwidXBkYXRlIjoxMjAwMDAwMDAwMDAwfX0="
        },
        {
          "index_key": "firestore.googleapis.com",
          "schema_version": 0,
          "attributes": {
            "disable_dependent_services": true,
            "disable_on_destroy": true,
            "id": "quantum-transit-462609-d0/firestore.googleapis.com",
            "project": "quantum-transit-462609-d0",
            "service": "firestore.googleapis.com",
            "timeouts": null
          },
          "sensitive_attributes": [],
          "private": "eyJlMmJmYjczMC1lY2FhLTExZTYtOGY4OC0zNDM2M2JjN2M0YzAiOnsiY3JlYXRlIjoxMjAwMDAwMDAwMDAwLCJkZWxldGUiOjEyMDAwMDAwMDAwMDAsInJlYWQiOjYwMDAwMDAwMDAwMCwidXBkYXRlIjoxMjAwMDAwMDAwMDAwfX0="
        },
        {
          "index_key": "logging.googleapis.com",
          "schema_version": 0,
          "attributes": {
            "disable_dependent_services": true,
            "disable_on_destroy": true,
            "id": "quantum-transit-462609-d0/logging.googleapis.com",
            "project": "quantum-transit-462609-d0",
            "service": "logging.googleapis.com",
            "timeouts": null
          },
          "sensitive_attributes": [],
          "private": "eyJlMmJmYjczMC1lY2FhLTExZTYtOGY4OC0zNDM2M2JjN2M0YzAiOnsiY3JlYXRlIjoxMjAwMDAwMDAwMDAwLCJkZWxldGUiOjEyMDAwMDAwMDAwMDAsInJlYWQiOjYwMDAwMDAwMDAwMCwidXBkYXRlIjoxMjAwMDAwMDAwMDAwfX0="
        }
      ]
    }
  ],
  "check_results": null
}
