{
  "version": 4,
  "terraform_version": "1.11.3",
  "serial": 7,
  "lineage": "c0b42a2c-995d-f036-90f1-49e9d3d7026d",
  "outputs": {
    "service_account_email": {
      "value": "multiagenthealthcare-prod@quantum-transit-462609-d0.iam.gserviceaccount.com",
      "type": "string"
    }
  },
  "resources": [
    {
      "mode": "managed",
      "type": "google_project_iam_member",
      "name": "multiagent_ai",
      "provider": "provider[\"registry.terraform.io/hashicorp/google\"]",
      "instances": [
        {
          "schema_version": 0,
          "attributes": {
            "condition": [],
            "etag": "BwY3UEQsn0E=",
            "id": "quantum-transit-462609-d0/roles/aiplatform.user/serviceAccount:multiagenthealthcare-prod@quantum-transit-462609-d0.iam.gserviceaccount.com",
            "member": "serviceAccount:multiagenthealthcare-prod@quantum-transit-462609-d0.iam.gserviceaccount.com",
            "project": "quantum-transit-462609-d0",
            "role": "roles/aiplatform.user"
          },
          "sensitive_attributes": [],
          "private": "bnVsbA==",
          "dependencies": [
            "google_service_account.multiagent_sa"
          ]
        }
      ]
    },
    {
      "mode": "managed",
      "type": "google_project_iam_member",
      "name": "multiagent_firestore",
      "provider": "provider[\"registry.terraform.io/hashicorp/google\"]",
      "instances": [
        {
          "schema_version": 0,
          "attributes": {
            "condition": [],
            "etag": "BwY3UEQsn0E=",
            "id": "quantum-transit-462609-d0/roles/datastore.user/serviceAccount:multiagenthealthcare-prod@quantum-transit-462609-d0.iam.gserviceaccount.com",
            "member": "serviceAccount:multiagenthealthcare-prod@quantum-transit-462609-d0.iam.gserviceaccount.com",
            "project": "quantum-transit-462609-d0",
            "role": "roles/datastore.user"
          },
          "sensitive_attributes": [],
          "private": "bnVsbA==",
          "dependencies": [
            "google_service_account.multiagent_sa"
          ]
        }
      ]
    },
    {
      "mode": "managed",
      "type": "google_project_iam_member",
      "name": "multiagent_storage",
      "provider": "provider[\"registry.terraform.io/hashicorp/google\"]",
      "instances": [
        {
          "schema_version": 0,
          "attributes": {
            "condition": [],
            "etag": "BwY3UEQsn0E=",
            "id": "quantum-transit-462609-d0/roles/storage.admin/serviceAccount:multiagenthealthcare-prod@quantum-transit-462609-d0.iam.gserviceaccount.com",
            "member": "serviceAccount:multiagenthealthcare-prod@quantum-transit-462609-d0.iam.gserviceaccount.com",
            "project": "quantum-transit-462609-d0",
            "role": "roles/storage.admin"
          },
          "sensitive_attributes": [],
          "private": "bnVsbA==",
          "dependencies": [
            "google_service_account.multiagent_sa"
          ]
        }
      ]
    },
    {
      "mode": "managed",
      "type": "google_service_account",
      "name": "multiagent_sa",
      "provider": "provider[\"registry.terraform.io/hashicorp/google\"]",
      "instances": [
        {
          "schema_version": 0,
          "attributes": {
            "account_id": "multiagenthealthcare-prod",
            "create_ignore_already_exists": null,
            "description": "",
            "disabled": false,
            "display_name": "MultiAgentHealthcare Service Account (PROD)",
            "email": "multiagenthealthcare-prod@quantum-transit-462609-d0.iam.gserviceaccount.com",
            "id": "projects/quantum-transit-462609-d0/serviceAccounts/multiagenthealthcare-prod@quantum-transit-462609-d0.iam.gserviceaccount.com",
            "member": "serviceAccount:multiagenthealthcare-prod@quantum-transit-462609-d0.iam.gserviceaccount.com",
            "name": "projects/quantum-transit-462609-d0/serviceAccounts/multiagenthealthcare-prod@quantum-transit-462609-d0.iam.gserviceaccount.com",
            "project": "quantum-transit-462609-d0",
            "timeouts": null,
            "unique_id": "111027069835095872969"
          },
          "sensitive_attributes": [],
          "private": "eyJlMmJmYjczMC1lY2FhLTExZTYtOGY4OC0zNDM2M2JjN2M0YzAiOnsiY3JlYXRlIjozMDAwMDAwMDAwMDB9fQ=="
        }
      ]
    },
    {
      "mode": "managed",
      "type": "google_service_account_key",
      "name": "multiagent_key",
      "provider": "provider[\"registry.terraform.io/hashicorp/google\"]",
      "instances": [
        {
          "schema_version": 0,
          "attributes": {
            "id": "projects/quantum-transit-462609-d0/serviceAccounts/multiagenthealthcare-prod@quantum-transit-462609-d0.iam.gserviceaccount.com/keys/756fc81c2017d184c685d0d56b25ec0ad102b64c",
            "keepers": {
              "last_rotation": "2025-06-11T18:48:56Z"
            },
            "key_algorithm": "KEY_ALG_RSA_2048",
            "name": "projects/quantum-transit-462609-d0/serviceAccounts/multiagenthealthcare-prod@quantum-transit-462609-d0.iam.gserviceaccount.com/keys/756fc81c2017d184c685d0d56b25ec0ad102b64c",
            "private_key": "ewogICJ0eXBlIjogInNlcnZpY2VfYWNjb3VudCIsCiAgInByb2plY3RfaWQiOiAicXVhbnR1bS10cmFuc2l0LTQ2MjYwOS1kMCIsCiAgInByaXZhdGVfa2V5X2lkIjogIjc1NmZjODFjMjAxN2QxODRjNjg1ZDBkNTZiMjVlYzBhZDEwMmI2NGMiLAogICJwcml2YXRlX2tleSI6ICItLS0tLUJFR0lOIFBSSVZBVEUgS0VZLS0tLS1cbk1JSUV2Z0lCQURBTkJna3Foa2lHOXcwQkFRRUZBQVNDQktnd2dnU2tBZ0VBQW9JQkFRQy93NHEyTHRhWFlvMjBcbmhxRVM1K3oraTloZ3hsQTVpR2NWMnVYQmFPVGdMbUJWQWFkcE5pLzh6aHo3UnJzZStKVU9DbGxvQXliZTZoaElcbm92MUZQNXpTb1I5akszcUdYNXRnSjYxS0ZTNU5LU2JUdW1XalNBNmhXRUZNcERkM3ZZaENFMzhFZUFRT2ppV0tcbjhHSjBleUNCeThnNVJzNGpqZURtTlduQUxpT2JRaXlsMWpVK0tnU3RsbE56K20xTHd6a0JsbS9sclZKN0tobjlcbnJ5anNxWHBJaGE4TktSUTVrZWF3enpGQkFjek80VkJEdG5TMDNWNnRiWjgyM2w1OU50TDQ0dHJLbThWSW5FTzJcbmc2ODdUMGdKNFQzUW84aWU4djhiSFlCM3hOUS9qdUFiS0J5R0MvL0NVRGJETDFiZGwzSWlxazJVbEo2ejRVMXBcbkM1MHZ1Z3c5QWdNQkFBRUNnZ0VBSlJ2WHlyQVBMazN2eXFTMzVHTDF1WCtCOEo1SDFZNVlGb0pjN2p2WWVLcDRcbjBWSm4zV1FUVHJwcklOUWI3MThlNXcvcEk4ZmlYSVpVQ3pCaFR5YURlRDRlUnhCWm5rbS9sVkN3UjlNSCtmNFJcbjZheWJNUWtIYmNFWXA5WnFkblU2dWtDd0ZvTU1FKzM5aFdERnlMRXdCZllUcWNQU0xjNnRuQmJ2ZnpWZWhoTm5cbkp0R2ZoMUUxaUd0SlRHekRYbUNkazdFaTE1QlZFcStZUmI2UlhycG5mRnpBa1VBdWxsMFRQT3UwR25NREdLZXhcbkFpTzFXZUNlMi9SNVFyNzZyZTJNczlyOHdGeXRYbmZHeHJGWkRodGYyL1ZZZklMc0E0S1ljWFRlS3VjcFpoa2Zcbkp5UTB2YU9id2FHWGVGSkExamQ1UDQ4R08yditITk84WjBNNWhTN3N1UUtCZ1FEbGJXaS9zbG5MMTkvQmRBUGFcbm05bE9IQnliLzJhMmdxMFVFalBMNU40NjFuYUJwNUhFNzZjWGQrZzIvaW43VnFKNDlBUC9nOCtQRUZ6VkloQzlcbjIrUVBWby9iZmdtT0EzMWtGdXFJZWFUVmk2Um9mZUttYjdHKzdlTnVMZk1pc1Bxdkx6VkFMVndwVk5ORWREYVhcbjR3NmdsOXFEWjl5SFhHcm80U2t4NkoyWUpRS0JnUURWK1dXeUgrYWhrMmJhUlQwK0Fxa0d5cmNuL243QXhOQ05cblo0Zi9VVU9xazJMWDZRNHhDMnRHTW1OMURDN1NuS08zUEEvb1dyUGhBeGV0cmp3aGFCdDg4MlFqUnpGdm5FSmhcbldqcEV3aWJWQ0c5Um5wcWcrak1iUkIyK1RPRjFJc3dGQ0Z6bUIxSkdJL3dsQlpFaWZCQ1gzdjJZWmRtazV3cVRcbmhlczIzTWk4T1FLQmdBVXF4YVVybXlJZ0pvWHcydlZkZFROeEpxUE15TDlyaWdKZHRwVHMvcVJNbURhclUza2Zcbi9KOW1yL0F0SVR6cjRwVGV5Z2hESzdXSkpNNFlDbEI4VjFLUkhJUlEvbDRZYmdhSERaa3RSQzBiREFUZWNQQldcbnE2WWxMVzRaMHRRQk1HUXBxQVZlQUNsZUk3UHkraGZKb1ZhMGxOTkl6NHFzNWl1QWhyRDlFQytSQW9HQkFKdTBcbmNrWmVaR3VyWWFydnU1TUdTSTJDc2lsT1RscGtYZ2FvRWhTK3craTZlN0QyRExldndZNUJXSkp5SFJoeGw4amNcbjBnNlpBbEI0K2FBUEsvNTdUWlZ0WDY4MFBVc2tnRUZyY1A5YjhQb1F1MEMvazNJVTMxKzEvNWJkUnlyLytVcW9cblBVRytqaVl3UldtRFZZdXNrRDZUckNKYjZ6Yk9VYW5zUjYrU2xoZ3hBb0dCQUxVZy9FZGxVZW5UamZkTUcxY3dcbnVZd2gwK1c4NmFOTzFYeDdveWhWMVNSOWsxNDRZUld5NkNNRFRNaHN1NHVzc2NQRjBDbVJqd1ducjFETzBxeXNcbnV6cm5RYnNqb01UZVJ3eTUwcFVLUWZEZXZSbk9NSEZpVlZZUjJSTmo0VTBwRVhIQXlDNkZqdHMvZkU0T0Y5RGFcbkErYVhaQ3o3bkgrd3UwMXcvczRPUEV5cVxuLS0tLS1FTkQgUFJJVkFURSBLRVktLS0tLVxuIiwKICAiY2xpZW50X2VtYWlsIjogIm11bHRpYWdlbnRoZWFsdGhjYXJlLXByb2RAcXVhbnR1bS10cmFuc2l0LTQ2MjYwOS1kMC5pYW0uZ3NlcnZpY2VhY2NvdW50LmNvbSIsCiAgImNsaWVudF9pZCI6ICIxMTEwMjcwNjk4MzUwOTU4NzI5NjkiLAogICJhdXRoX3VyaSI6ICJodHRwczovL2FjY291bnRzLmdvb2dsZS5jb20vby9vYXV0aDIvYXV0aCIsCiAgInRva2VuX3VyaSI6ICJodHRwczovL29hdXRoMi5nb29nbGVhcGlzLmNvbS90b2tlbiIsCiAgImF1dGhfcHJvdmlkZXJfeDUwOV9jZXJ0X3VybCI6ICJodHRwczovL3d3dy5nb29nbGVhcGlzLmNvbS9vYXV0aDIvdjEvY2VydHMiLAogICJjbGllbnRfeDUwOV9jZXJ0X3VybCI6ICJodHRwczovL3d3dy5nb29nbGVhcGlzLmNvbS9yb2JvdC92MS9tZXRhZGF0YS94NTA5L211bHRpYWdlbnRoZWFsdGhjYXJlLXByb2QlNDBxdWFudHVtLXRyYW5zaXQtNDYyNjA5LWQwLmlhbS5nc2VydmljZWFjY291bnQuY29tIiwKICAidW5pdmVyc2VfZG9tYWluIjogImdvb2dsZWFwaXMuY29tIgp9Cg==",
            "private_key_type": "TYPE_GOOGLE_CREDENTIALS_FILE",
            "public_key": "LS0tLS1CRUdJTiBDRVJUSUZJQ0FURS0tLS0tCk1JSUMrekNDQWVPZ0F3SUJBZ0lIWVNMczB0ZUlsVEFOQmdrcWhraUc5dzBCQVFVRkFEQWdNUjR3SEFZRFZRUUQKREJVeE1URXdNamN3TmprNE16VXdPVFU0TnpJNU5qa3dJQmNOTWpVd05qRXhNVGcwT0RVMldoZ1BPVGs1T1RFeQpNekV5TXpVNU5UbGFNQ0F4SGpBY0JnTlZCQU1NRlRFeE1UQXlOekEyT1Rnek5UQTVOVGczTWprMk9UQ0NBU0l3CkRRWUpLb1pJaHZjTkFRRUJCUUFEZ2dFUEFEQ0NBUW9DZ2dFQkFML0Rpcll1MXBkaWpiU0dvUkxuN1A2TDJHREcKVURtSVp4WGE1Y0ZvNU9BdVlGVUJwMmsyTC96T0hQdEd1eDc0bFE0S1dXZ0RKdDdxR0VpaS9VVS9uTktoSDJNcgplb1pmbTJBbnJVb1ZMazBwSnRPNlphTklEcUZZUVV5a04zZTlpRUlUZndSNEJBNk9KWXJ3WW5SN0lJSEx5RGxHCnppT040T1kxYWNBdUk1dENMS1hXTlQ0cUJLMldVM1A2YlV2RE9RR1diK1d0VW5zcUdmMnZLT3lwZWtpRnJ3MHAKRkRtUjVyRFBNVUVCek03aFVFTzJkTFRkWHExdG56YmVYbjAyMHZqaTJzcWJ4VWljUTdhRHJ6dFBTQW5oUGRDagp5Sjd5L3hzZGdIZkUxRCtPNEJzb0hJWUwvOEpRTnNNdlZ0MlhjaUtxVFpTVW5yUGhUV2tMblMrNkREMENBd0VBCkFhTTRNRFl3REFZRFZSMFRBUUgvQkFJd0FEQU9CZ05WSFE4QkFmOEVCQU1DQjRBd0ZnWURWUjBsQVFIL0JBd3cKQ2dZSUt3WUJCUVVIQXdJd0RRWUpLb1pJaHZjTkFRRUZCUUFEZ2dFQkFCM0dCQWRTMmN0eVR6UEh3R1hMYXlocgo2aThUOURUMHpCZWgrd2oxTmlDazBxU09TMStGK21NdCtOd3h5VDRtVXdsZDJuTjR6NlhPZUJKQTZ3VHllREZSCm1rdTdhOE1zRXNjVjV6b3JSYldKZW5MdWVwK0VCVm5DMVFXZzJYRmV1R2o4UGRXSHlocHlDTnJyR2Z2Y2VXSG0KTmxLVkx2aUx5TnNLVGtiSEpSZFE5eWdjK1R1YWxUVEVlQ1NaSWpPU1lFVUs1MWVaNGZoZHI4bVRXbDQ3cXdOegpvL3JyZFRrb3NVTXBtYks4VjJRVnEvZFpHT1VFbUJ4TXBSK09UUjNFMlBVNEdVT1VrWUcrQkZEcDNtcVpUWGJxCkt4TjRjc1dBeC9ldzRDMUZhOUY1TlZvNEltM1l2REVaL1orOUw5QVp3RTFwdERQY2VKOFl0dVdLZVJ6cUhoQT0KLS0tLS1FTkQgQ0VSVElGSUNBVEUtLS0tLQo=",
            "public_key_data": null,
            "public_key_type": "TYPE_X509_PEM_FILE",
            "service_account_id": "projects/quantum-transit-462609-d0/serviceAccounts/multiagenthealthcare-prod@quantum-transit-462609-d0.iam.gserviceaccount.com",
            "valid_after": "2025-06-11T18:48:56Z",
            "valid_before": "9999-12-31T23:59:59Z"
          },
          "sensitive_attributes": [
            [
              {
                "type": "get_attr",
                "value": "private_key"
              }
            ]
          ],
          "private": "bnVsbA==",
          "dependencies": [
            "google_service_account.multiagent_sa"
          ]
        }
      ]
    },
    {
      "module": "module.enabled_apis",
      "mode": "managed",
      "type": "google_project_service",
      "name": "project_services",
      "provider": "provider[\"registry.terraform.io/hashicorp/google\"]",
      "instances": [
        {
          "index_key": "aiplatform.googleapis.com",
          "schema_version": 0,
          "attributes": {
            "disable_dependent_services": true,
            "disable_on_destroy": true,
            "id": "quantum-transit-462609-d0/aiplatform.googleapis.com",
            "project": "quantum-transit-462609-d0",
            "service": "aiplatform.googleapis.com",
            "timeouts": null
          },
          "sensitive_attributes": [],
          "private": "eyJlMmJmYjczMC1lY2FhLTExZTYtOGY4OC0zNDM2M2JjN2M0YzAiOnsiY3JlYXRlIjoxMjAwMDAwMDAwMDAwLCJkZWxldGUiOjEyMDAwMDAwMDAwMDAsInJlYWQiOjYwMDAwMDAwMDAwMCwidXBkYXRlIjoxMjAwMDAwMDAwMDAwfX0="
        },
        {
          "index_key": "cloudfunctions.googleapis.com",
          "schema_version": 0,
          "attributes": {
            "disable_dependent_services": true,
            "disable_on_destroy": true,
            "id": "quantum-transit-462609-d0/cloudfunctions.googleapis.com",
            "project": "quantum-transit-462609-d0",
            "service": "cloudfunctions.googleapis.com",
            "timeouts": null
          },
          "sensitive_attributes": [],
          "private": "eyJlMmJmYjczMC1lY2FhLTExZTYtOGY4OC0zNDM2M2JjN2M0YzAiOnsiY3JlYXRlIjoxMjAwMDAwMDAwMDAwLCJkZWxldGUiOjEyMDAwMDAwMDAwMDAsInJlYWQiOjYwMDAwMDAwMDAwMCwidXBkYXRlIjoxMjAwMDAwMDAwMDAwfX0="
        },
        {
          "index_key": "firestore.googleapis.com",
          "schema_version": 0,
          "attributes": {
            "disable_dependent_services": true,
            "disable_on_destroy": true,
            "id": "quantum-transit-462609-d0/firestore.googleapis.com",
            "project": "quantum-transit-462609-d0",
            "service": "firestore.googleapis.com",
            "timeouts": null
          },
          "sensitive_attributes": [],
          "private": "eyJlMmJmYjczMC1lY2FhLTExZTYtOGY4OC0zNDM2M2JjN2M0YzAiOnsiY3JlYXRlIjoxMjAwMDAwMDAwMDAwLCJkZWxldGUiOjEyMDAwMDAwMDAwMDAsInJlYWQiOjYwMDAwMDAwMDAwMCwidXBkYXRlIjoxMjAwMDAwMDAwMDAwfX0="
        },
        {
          "index_key": "logging.googleapis.com",
          "schema_version": 0,
          "attributes": {
            "disable_dependent_services": true,
            "disable_on_destroy": true,
            "id": "quantum-transit-462609-d0/logging.googleapis.com",
            "project": "quantum-transit-462609-d0",
            "service": "logging.googleapis.com",
            "timeouts": null
          },
          "sensitive_attributes": [],
          "private": "eyJlMmJmYjczMC1lY2FhLTExZTYtOGY4OC0zNDM2M2JjN2M0YzAiOnsiY3JlYXRlIjoxMjAwMDAwMDAwMDAwLCJkZWxldGUiOjEyMDAwMDAwMDAwMDAsInJlYWQiOjYwMDAwMDAwMDAwMCwidXBkYXRlIjoxMjAwMDAwMDAwMDAwfX0="
        }
      ]
    }
  ],
  "check_results": null
}
